# This file is automatically @generated by Poetry 1.8.5 and should not be changed by hand.

[[package]]
name = "carla"
version = "0.9.15"
description = "Python API for communicating with the CARLA server."
optional = false
python-versions = "*"
files = [
    {file = "carla-0.9.15-cp27-cp27mu-manylinux_2_27_x86_64.whl", hash = "sha256:25034b4ae3a67108e362ae33e4e1e4ed4b5bc73059115c38a4471d64057b8c98"},
    {file = "carla-0.9.15-cp310-cp310-manylinux_2_27_x86_64.whl", hash = "sha256:61449e33260f6a0cfd2f88d56f2463a5797a0b51bc46618beec07365422d4ad6"},
    {file = "carla-0.9.15-cp310-cp310-win_amd64.whl", hash = "sha256:1ec9995169175f0d5e3e84762b7376214b72352ef006f22832d05c1380e62295"},
    {file = "carla-0.9.15-cp37-cp37m-manylinux_2_27_x86_64.whl", hash = "sha256:8782039dfa9ee6796b20c9193940d9a089b972d161c19fe64d33ab8184a0cf20"},
    {file = "carla-0.9.15-cp37-cp37m-win_amd64.whl", hash = "sha256:143c496d2b312862b4c14ee093038d1158027d3f56b59b9bfc4a77e26a3562cf"},
    {file = "carla-0.9.15-cp38-cp38-manylinux_2_27_x86_64.whl", hash = "sha256:19a269511d31cd6ca47cc46297afbcc93be659ba0af852c244e3cadf55086d95"},
    {file = "carla-0.9.15-cp38-cp38-win_amd64.whl", hash = "sha256:dc597b6a91b819b54afd5f1c32d401f066ce77676a0359b7470055d9bab95954"},
    {file = "carla-0.9.15-cp39-cp39-manylinux_2_27_x86_64.whl", hash = "sha256:53e6cd757fb60eeb5aad05632fcd585a528804b61a1a42c2595ebab705194ad5"},
    {file = "carla-0.9.15-cp39-cp39-win_amd64.whl", hash = "sha256:bffb8f7650dc0d1987f682f2fa4335298aa62e60814208564feefcf5b303cb81"},
]

[metadata]
lock-version = "2.0"
python-versions = "^3.8"
content-hash = "7301c43db05ea585dc3b548017763ba8af217fcd5031391967003c8ef787f26d"
